
Microsoft Visual Studio Solution File, Format Version 12.00
# Visual Studio Version 17
VisualStudioVersion = 17.10.35013.160
MinimumVisualStudioVersion = 10.0.40219.1
Project("{FAE04EC0-301F-11D3-BF4B-00C04F79EFBC}") = "StudySpace.Data", "StudySpace.Data\StudySpace.Data.csproj", "{579EA4B3-90E3-47E2-940B-71B2F70AAE36}"
EndProject
Global
	GlobalSection(SolutionConfigurationPlatforms) = preSolution
		Debug|Any CPU = Debug|Any CPU
		Release|Any CPU = Release|Any CPU
	EndGlobalSection
	GlobalSection(ProjectConfigurationPlatforms) = postSolution
		{579EA4B3-90E3-47E2-940B-71B2F70AAE36}.Debug|Any CPU.ActiveCfg = Debug|Any CPU
		{579EA4B3-90E3-47E2-940B-71B2F70AAE36}.Debug|Any CPU.Build.0 = Debug|Any CPU
		{579EA4B3-90E3-47E2-940B-71B2F70AAE36}.Release|Any CPU.ActiveCfg = Release|Any CPU
		{579EA4B3-90E3-47E2-940B-71B2F70AAE36}.Release|Any CPU.Build.0 = Release|Any CPU
	EndGlobalSection
	GlobalSection(SolutionProperties) = preSolution
		HideSolutionNode = FALSE
	EndGlobalSection
	GlobalSection(ExtensibilityGlobals) = postSolution
		SolutionGuid = {77F050CD-6116-4232-A134-BEA46B90F11C}
	EndGlobalSection
EndGlobal
